<?xml version="1.0" encoding="UTF-8"?>
<!DOCTYPE plist PUBLIC "-//Apple//DTD PLIST 1.0//EN" "http://www.apple.com/DTDs/PropertyList-1.0.dtd">
<plist version="1.0">
<dict>
	<key>archiveVersion</key>
	<string>1</string>
	<key>classes</key>
	<dict/>
	<key>objectVersion</key>
	<string>46</string>
	<key>objects</key>
	<dict>
		<key>5C4CF34A6EB9430E9E497317</key>
		<dict>
			<key>buildActionMask</key>
			<string>2147483647</string>
			<key>files</key>
			<array/>
			<key>inputPaths</key>
			<array/>
			<key>isa</key>
			<string>PBXShellScriptBuildPhase</string>
			<key>name</key>
			<string>Check Pods Manifest.lock</string>
			<key>outputPaths</key>
			<array/>
			<key>runOnlyForDeploymentPostprocessing</key>
			<string>0</string>
			<key>shellPath</key>
			<string>/bin/sh</string>
			<key>shellScript</key>
			<string>diff "${PODS_ROOT}/../Podfile.lock" "${PODS_ROOT}/Manifest.lock" &gt; /dev/null
if [[ $? != 0 ]] ; then
    cat &lt;&lt; EOM
error: The sandbox is not in sync with the Podfile.lock. Run 'pod install' or update your CocoaPods installation.
EOM
    exit 1
fi
</string>
			<key>showEnvVarsInLog</key>
			<string>0</string>
		</dict>
		<key>71AC7AA2CABF4D25A6300EA8</key>
		<dict>
			<key>explicitFileType</key>
			<string>archive.ar</string>
			<key>includeInIndex</key>
			<string>0</string>
			<key>isa</key>
			<string>PBXFileReference</string>
			<key>path</key>
			<string>libPods.a</string>
			<key>sourceTree</key>
			<string>BUILT_PRODUCTS_DIR</string>
		</dict>
		<key>A33E64B518D2C39200D0C9A7</key>
		<dict>
			<key>fileEncoding</key>
			<string>4</string>
			<key>isa</key>
			<string>PBXFileReference</string>
			<key>lastKnownFileType</key>
			<string>sourcecode.c.h</string>
			<key>path</key>
			<string>PTCard.h</string>
			<key>sourceTree</key>
			<string>&lt;group&gt;</string>
		</dict>
		<key>A33E64B618D2C39200D0C9A7</key>
		<dict>
			<key>fileEncoding</key>
			<string>4</string>
			<key>isa</key>
			<string>PBXFileReference</string>
			<key>lastKnownFileType</key>
			<string>sourcecode.c.objc</string>
			<key>path</key>
			<string>PTCard.m</string>
			<key>sourceTree</key>
			<string>&lt;group&gt;</string>
		</dict>
		<key>A33E64B718D2C39200D0C9A7</key>
		<dict>
			<key>fileRef</key>
			<string>A33E64B618D2C39200D0C9A7</string>
			<key>isa</key>
			<string>PBXBuildFile</string>
		</dict>
		<key>A352661418D702BF00137ACC</key>
		<dict>
			<key>isa</key>
			<string>PBXFileReference</string>
			<key>lastKnownFileType</key>
			<string>sourcecode.c.h</string>
			<key>path</key>
			<string>globalDefine.h</string>
			<key>sourceTree</key>
			<string>&lt;group&gt;</string>
		</dict>
		<key>A357478018E9A2380080EDD6</key>
		<dict>
			<key>isa</key>
			<string>PBXFileReference</string>
			<key>lastKnownFileType</key>
			<string>wrapper.framework</string>
			<key>name</key>
			<string>AssetsLibrary.framework</string>
			<key>path</key>
			<string>System/Library/Frameworks/AssetsLibrary.framework</string>
			<key>sourceTree</key>
			<string>SDKROOT</string>
		</dict>
		<key>A357478218E9A25C0080EDD6</key>
		<dict>
			<key>buildActionMask</key>
			<string>2147483647</string>
			<key>files</key>
			<array/>
			<key>isa</key>
			<string>PBXHeadersBuildPhase</string>
			<key>runOnlyForDeploymentPostprocessing</key>
			<string>0</string>
		</dict>
		<key>A38FAE3318D0A31700900C78</key>
		<dict>
			<key>children</key>
			<array>
				<string>A357478018E9A2380080EDD6</string>
				<string>A38FAE4518D0A31700900C78</string>
				<string>A38FAE3E18D0A31700900C78</string>
				<string>A38FAE3D18D0A31700900C78</string>
				<string>C4EE8A86499241DEB114D7DE</string>
			</array>
			<key>isa</key>
			<string>PBXGroup</string>
			<key>sourceTree</key>
			<string>&lt;group&gt;</string>
		</dict>
		<key>A38FAE3418D0A31700900C78</key>
		<dict>
			<key>attributes</key>
			<dict>
				<key>CLASSPREFIX</key>
				<string>PT</string>
				<key>LastUpgradeCheck</key>
				<string>0460</string>
				<key>ORGANIZATIONNAME</key>
				<string>com.scutknight</string>
			</dict>
			<key>buildConfigurationList</key>
			<string>A38FAE3718D0A31700900C78</string>
			<key>compatibilityVersion</key>
			<string>Xcode 3.2</string>
			<key>developmentRegion</key>
			<string>English</string>
			<key>hasScannedForEncodings</key>
			<string>0</string>
			<key>isa</key>
			<string>PBXProject</string>
			<key>knownRegions</key>
			<array>
				<string>en</string>
			</array>
			<key>mainGroup</key>
			<string>A38FAE3318D0A31700900C78</string>
			<key>productRefGroup</key>
			<string>A38FAE3D18D0A31700900C78</string>
			<key>projectDirPath</key>
			<string></string>
			<key>projectReferences</key>
			<array/>
			<key>projectRoot</key>
			<string></string>
			<key>targets</key>
			<array>
				<string>A38FAE3B18D0A31700900C78</string>
			</array>
		</dict>
		<key>A38FAE3718D0A31700900C78</key>
		<dict>
			<key>buildConfigurations</key>
			<array>
				<string>A38FAE6818D0A31700900C78</string>
				<string>A38FAE6918D0A31700900C78</string>
			</array>
			<key>defaultConfigurationIsVisible</key>
			<string>0</string>
			<key>defaultConfigurationName</key>
			<string>Release</string>
			<key>isa</key>
			<string>XCConfigurationList</string>
		</dict>
		<key>A38FAE3818D0A31700900C78</key>
		<dict>
			<key>buildActionMask</key>
			<string>2147483647</string>
			<key>files</key>
			<array>
				<string>A38FAE4C18D0A31700900C78</string>
				<string>A38FAE5018D0A31700900C78</string>
				<string>A38FAE5C18D0A31700900C78</string>
				<string>A38FAE6318D0A31700900C78</string>
				<string>A3ADCBA118D1CAE100E7BCFE</string>
				<string>A3ADCBA518D1DCFD00E7BCFE</string>
				<string>A33E64B718D2C39200D0C9A7</string>
			</array>
			<key>isa</key>
			<string>PBXSourcesBuildPhase</string>
			<key>runOnlyForDeploymentPostprocessing</key>
			<string>0</string>
		</dict>
		<key>A38FAE3918D0A31700900C78</key>
		<dict>
			<key>buildActionMask</key>
			<string>2147483647</string>
			<key>files</key>
			<array>
				<string>A38FAE4018D0A31700900C78</string>
				<string>A38FAE4218D0A31700900C78</string>
				<string>A38FAE4418D0A31700900C78</string>
				<string>CD4AB499EC3D468AA2CAEB66</string>
			</array>
			<key>isa</key>
			<string>PBXFrameworksBuildPhase</string>
			<key>runOnlyForDeploymentPostprocessing</key>
			<string>0</string>
		</dict>
		<key>A38FAE3A18D0A31700900C78</key>
		<dict>
			<key>buildActionMask</key>
			<string>2147483647</string>
			<key>files</key>
			<array>
				<string>A38FAE4A18D0A31700900C78</string>
				<string>A38FAE5218D0A31700900C78</string>
				<string>A38FAE5418D0A31700900C78</string>
				<string>A38FAE5618D0A31700900C78</string>
				<string>A38FAE5918D0A31700900C78</string>
				<string>A38FAE5E18D0A31700900C78</string>
				<string>A38FAE6018D0A31700900C78</string>
				<string>A38FAE6518D0A31700900C78</string>
				<string>A38FAE6718D0A31700900C78</string>
				<string>A3FE7200191530AE001762C2</string>
			</array>
			<key>isa</key>
			<string>PBXResourcesBuildPhase</string>
			<key>runOnlyForDeploymentPostprocessing</key>
			<string>0</string>
		</dict>
		<key>A38FAE3B18D0A31700900C78</key>
		<dict>
			<key>buildConfigurationList</key>
			<string>A38FAE6A18D0A31700900C78</string>
			<key>buildPhases</key>
			<array>
				<string>5C4CF34A6EB9430E9E497317</string>
				<string>A38FAE3818D0A31700900C78</string>
				<string>A38FAE3918D0A31700900C78</string>
				<string>A38FAE3A18D0A31700900C78</string>
				<string>A357478218E9A25C0080EDD6</string>
				<string>D5CD2D9BFBCE46C2A656DBC8</string>
			</array>
			<key>buildRules</key>
			<array/>
			<key>dependencies</key>
			<array/>
			<key>isa</key>
			<string>PBXNativeTarget</string>
			<key>name</key>
			<string>powerby2</string>
			<key>productName</key>
			<string>powerby2</string>
			<key>productReference</key>
			<string>A38FAE3C18D0A31700900C78</string>
			<key>productType</key>
			<string>com.apple.product-type.application</string>
		</dict>
		<key>A38FAE3C18D0A31700900C78</key>
		<dict>
			<key>explicitFileType</key>
			<string>wrapper.application</string>
			<key>includeInIndex</key>
			<string>0</string>
			<key>isa</key>
			<string>PBXFileReference</string>
			<key>path</key>
			<string>powerby2.app</string>
			<key>sourceTree</key>
			<string>BUILT_PRODUCTS_DIR</string>
		</dict>
		<key>A38FAE3D18D0A31700900C78</key>
		<dict>
			<key>children</key>
			<array>
				<string>A38FAE3C18D0A31700900C78</string>
			</array>
			<key>isa</key>
			<string>PBXGroup</string>
			<key>name</key>
			<string>Products</string>
			<key>sourceTree</key>
			<string>&lt;group&gt;</string>
		</dict>
		<key>A38FAE3E18D0A31700900C78</key>
		<dict>
			<key>children</key>
			<array>
				<string>A38FAE3F18D0A31700900C78</string>
				<string>A38FAE4118D0A31700900C78</string>
				<string>A38FAE4318D0A31700900C78</string>
				<string>71AC7AA2CABF4D25A6300EA8</string>
			</array>
			<key>isa</key>
			<string>PBXGroup</string>
			<key>name</key>
			<string>Frameworks</string>
			<key>sourceTree</key>
			<string>&lt;group&gt;</string>
		</dict>
		<key>A38FAE3F18D0A31700900C78</key>
		<dict>
			<key>isa</key>
			<string>PBXFileReference</string>
			<key>lastKnownFileType</key>
			<string>wrapper.framework</string>
			<key>name</key>
			<string>UIKit.framework</string>
			<key>path</key>
			<string>System/Library/Frameworks/UIKit.framework</string>
			<key>sourceTree</key>
			<string>SDKROOT</string>
		</dict>
		<key>A38FAE4018D0A31700900C78</key>
		<dict>
			<key>fileRef</key>
			<string>A38FAE3F18D0A31700900C78</string>
			<key>isa</key>
			<string>PBXBuildFile</string>
		</dict>
		<key>A38FAE4118D0A31700900C78</key>
		<dict>
			<key>isa</key>
			<string>PBXFileReference</string>
			<key>lastKnownFileType</key>
			<string>wrapper.framework</string>
			<key>name</key>
			<string>Foundation.framework</string>
			<key>path</key>
			<string>System/Library/Frameworks/Foundation.framework</string>
			<key>sourceTree</key>
			<string>SDKROOT</string>
		</dict>
		<key>A38FAE4218D0A31700900C78</key>
		<dict>
			<key>fileRef</key>
			<string>A38FAE4118D0A31700900C78</string>
			<key>isa</key>
			<string>PBXBuildFile</string>
		</dict>
		<key>A38FAE4318D0A31700900C78</key>
		<dict>
			<key>isa</key>
			<string>PBXFileReference</string>
			<key>lastKnownFileType</key>
			<string>wrapper.framework</string>
			<key>name</key>
			<string>CoreGraphics.framework</string>
			<key>path</key>
			<string>System/Library/Frameworks/CoreGraphics.framework</string>
			<key>sourceTree</key>
			<string>SDKROOT</string>
		</dict>
		<key>A38FAE4418D0A31700900C78</key>
		<dict>
			<key>fileRef</key>
			<string>A38FAE4318D0A31700900C78</string>
			<key>isa</key>
			<string>PBXBuildFile</string>
		</dict>
		<key>A38FAE4518D0A31700900C78</key>
		<dict>
			<key>children</key>
			<array>
				<string>A352661418D702BF00137ACC</string>
				<string>A3FF606F19148FDB00E010BD</string>
				<string>A38FAE5718D0A31700900C78</string>
				<string>A38FAE4E18D0A31700900C78</string>
				<string>A38FAE4F18D0A31700900C78</string>
				<string>A33E64B518D2C39200D0C9A7</string>
				<string>A33E64B618D2C39200D0C9A7</string>
				<string>A38FAE5A18D0A31700900C78</string>
				<string>A38FAE5B18D0A31700900C78</string>
				<string>A3ADCB9F18D1CAE100E7BCFE</string>
				<string>A3ADCBA018D1CAE100E7BCFE</string>
				<string>A3ADCBA318D1DCFD00E7BCFE</string>
				<string>A3ADCBA418D1DCFD00E7BCFE</string>
				<string>A3ADCBA218D1CAFA00E7BCFE</string>
				<string>A38FAE4618D0A31700900C78</string>
				<string>A3FE71FF191530AE001762C2</string>
			</array>
			<key>isa</key>
			<string>PBXGroup</string>
			<key>path</key>
			<string>powerby2</string>
			<key>sourceTree</key>
			<string>&lt;group&gt;</string>
		</dict>
		<key>A38FAE4618D0A31700900C78</key>
		<dict>
			<key>children</key>
			<array>
				<string>A38FAE4718D0A31700900C78</string>
				<string>A38FAE4818D0A31700900C78</string>
				<string>A38FAE4B18D0A31700900C78</string>
				<string>A38FAE4D18D0A31700900C78</string>
				<string>A38FAE5118D0A31700900C78</string>
				<string>A38FAE5318D0A31700900C78</string>
				<string>A38FAE5518D0A31700900C78</string>
			</array>
			<key>isa</key>
			<string>PBXGroup</string>
			<key>name</key>
			<string>Supporting Files</string>
			<key>sourceTree</key>
			<string>&lt;group&gt;</string>
		</dict>
		<key>A38FAE4718D0A31700900C78</key>
		<dict>
			<key>isa</key>
			<string>PBXFileReference</string>
			<key>lastKnownFileType</key>
			<string>text.plist.xml</string>
			<key>path</key>
			<string>powerby2-Info.plist</string>
			<key>sourceTree</key>
			<string>&lt;group&gt;</string>
		</dict>
		<key>A38FAE4818D0A31700900C78</key>
		<dict>
			<key>children</key>
			<array>
				<string>A38FAE4918D0A31700900C78</string>
			</array>
			<key>isa</key>
			<string>PBXVariantGroup</string>
			<key>name</key>
			<string>InfoPlist.strings</string>
			<key>sourceTree</key>
			<string>&lt;group&gt;</string>
		</dict>
		<key>A38FAE4918D0A31700900C78</key>
		<dict>
			<key>isa</key>
			<string>PBXFileReference</string>
			<key>lastKnownFileType</key>
			<string>text.plist.strings</string>
			<key>name</key>
			<string>en</string>
			<key>path</key>
			<string>en.lproj/InfoPlist.strings</string>
			<key>sourceTree</key>
			<string>&lt;group&gt;</string>
		</dict>
		<key>A38FAE4A18D0A31700900C78</key>
		<dict>
			<key>fileRef</key>
			<string>A38FAE4818D0A31700900C78</string>
			<key>isa</key>
			<string>PBXBuildFile</string>
		</dict>
		<key>A38FAE4B18D0A31700900C78</key>
		<dict>
			<key>isa</key>
			<string>PBXFileReference</string>
			<key>lastKnownFileType</key>
			<string>sourcecode.c.objc</string>
			<key>path</key>
			<string>main.m</string>
			<key>sourceTree</key>
			<string>&lt;group&gt;</string>
		</dict>
		<key>A38FAE4C18D0A31700900C78</key>
		<dict>
			<key>fileRef</key>
			<string>A38FAE4B18D0A31700900C78</string>
			<key>isa</key>
			<string>PBXBuildFile</string>
		</dict>
		<key>A38FAE4D18D0A31700900C78</key>
		<dict>
			<key>isa</key>
			<string>PBXFileReference</string>
			<key>lastKnownFileType</key>
			<string>sourcecode.c.h</string>
			<key>path</key>
			<string>powerby2-Prefix.pch</string>
			<key>sourceTree</key>
			<string>&lt;group&gt;</string>
		</dict>
		<key>A38FAE4E18D0A31700900C78</key>
		<dict>
			<key>isa</key>
			<string>PBXFileReference</string>
			<key>lastKnownFileType</key>
			<string>sourcecode.c.h</string>
			<key>path</key>
			<string>PTAppDelegate.h</string>
			<key>sourceTree</key>
			<string>&lt;group&gt;</string>
		</dict>
		<key>A38FAE4F18D0A31700900C78</key>
		<dict>
			<key>isa</key>
			<string>PBXFileReference</string>
			<key>lastKnownFileType</key>
			<string>sourcecode.c.objc</string>
			<key>path</key>
			<string>PTAppDelegate.m</string>
			<key>sourceTree</key>
			<string>&lt;group&gt;</string>
		</dict>
		<key>A38FAE5018D0A31700900C78</key>
		<dict>
			<key>fileRef</key>
			<string>A38FAE4F18D0A31700900C78</string>
			<key>isa</key>
			<string>PBXBuildFile</string>
		</dict>
		<key>A38FAE5118D0A31700900C78</key>
		<dict>
			<key>isa</key>
			<string>PBXFileReference</string>
			<key>lastKnownFileType</key>
			<string>image.png</string>
			<key>path</key>
			<string>Default.png</string>
			<key>sourceTree</key>
			<string>&lt;group&gt;</string>
		</dict>
		<key>A38FAE5218D0A31700900C78</key>
		<dict>
			<key>fileRef</key>
			<string>A38FAE5118D0A31700900C78</string>
			<key>isa</key>
			<string>PBXBuildFile</string>
		</dict>
		<key>A38FAE5318D0A31700900C78</key>
		<dict>
			<key>isa</key>
			<string>PBXFileReference</string>
			<key>lastKnownFileType</key>
			<string>image.png</string>
			<key>path</key>
			<string>Default@2x.png</string>
			<key>sourceTree</key>
			<string>&lt;group&gt;</string>
		</dict>
		<key>A38FAE5418D0A31700900C78</key>
		<dict>
			<key>fileRef</key>
			<string>A38FAE5318D0A31700900C78</string>
			<key>isa</key>
			<string>PBXBuildFile</string>
		</dict>
		<key>A38FAE5518D0A31700900C78</key>
		<dict>
			<key>isa</key>
			<string>PBXFileReference</string>
			<key>lastKnownFileType</key>
			<string>image.png</string>
			<key>path</key>
			<string>Default-568h@2x.png</string>
			<key>sourceTree</key>
			<string>&lt;group&gt;</string>
		</dict>
		<key>A38FAE5618D0A31700900C78</key>
		<dict>
			<key>fileRef</key>
			<string>A38FAE5518D0A31700900C78</string>
			<key>isa</key>
			<string>PBXBuildFile</string>
		</dict>
		<key>A38FAE5718D0A31700900C78</key>
		<dict>
			<key>children</key>
			<array>
				<string>A38FAE5818D0A31700900C78</string>
			</array>
			<key>isa</key>
			<string>PBXVariantGroup</string>
			<key>name</key>
			<string>MainStoryboard.storyboard</string>
			<key>sourceTree</key>
			<string>&lt;group&gt;</string>
		</dict>
		<key>A38FAE5818D0A31700900C78</key>
		<dict>
			<key>isa</key>
			<string>PBXFileReference</string>
			<key>lastKnownFileType</key>
			<string>file.storyboard</string>
			<key>name</key>
			<string>en</string>
			<key>path</key>
			<string>en.lproj/MainStoryboard.storyboard</string>
			<key>sourceTree</key>
			<string>&lt;group&gt;</string>
		</dict>
		<key>A38FAE5918D0A31700900C78</key>
		<dict>
			<key>fileRef</key>
			<string>A38FAE5718D0A31700900C78</string>
			<key>isa</key>
			<string>PBXBuildFile</string>
		</dict>
		<key>A38FAE5A18D0A31700900C78</key>
		<dict>
			<key>isa</key>
			<string>PBXFileReference</string>
			<key>lastKnownFileType</key>
			<string>sourcecode.c.h</string>
			<key>path</key>
			<string>PTGameViewController.h</string>
			<key>sourceTree</key>
			<string>&lt;group&gt;</string>
		</dict>
		<key>A38FAE5B18D0A31700900C78</key>
		<dict>
			<key>isa</key>
			<string>PBXFileReference</string>
			<key>lastKnownFileType</key>
			<string>sourcecode.c.objc</string>
			<key>path</key>
			<string>PTGameViewController.m</string>
			<key>sourceTree</key>
			<string>&lt;group&gt;</string>
		</dict>
		<key>A38FAE5C18D0A31700900C78</key>
		<dict>
			<key>fileRef</key>
			<string>A38FAE5B18D0A31700900C78</string>
			<key>isa</key>
			<string>PBXBuildFile</string>
		</dict>
		<key>A38FAE5D18D0A31700900C78</key>
		<dict>
			<key>isa</key>
			<string>PBXFileReference</string>
			<key>lastKnownFileType</key>
			<string>image.png</string>
			<key>path</key>
			<string>first.png</string>
			<key>sourceTree</key>
			<string>&lt;group&gt;</string>
		</dict>
		<key>A38FAE5E18D0A31700900C78</key>
		<dict>
			<key>fileRef</key>
			<string>A38FAE5D18D0A31700900C78</string>
			<key>isa</key>
			<string>PBXBuildFile</string>
		</dict>
		<key>A38FAE5F18D0A31700900C78</key>
		<dict>
			<key>isa</key>
			<string>PBXFileReference</string>
			<key>lastKnownFileType</key>
			<string>image.png</string>
			<key>path</key>
			<string>first@2x.png</string>
			<key>sourceTree</key>
			<string>&lt;group&gt;</string>
		</dict>
		<key>A38FAE6018D0A31700900C78</key>
		<dict>
			<key>fileRef</key>
			<string>A38FAE5F18D0A31700900C78</string>
			<key>isa</key>
			<string>PBXBuildFile</string>
		</dict>
		<key>A38FAE6118D0A31700900C78</key>
		<dict>
			<key>isa</key>
			<string>PBXFileReference</string>
			<key>lastKnownFileType</key>
			<string>sourcecode.c.h</string>
			<key>path</key>
			<string>PTInfoViewController.h</string>
			<key>sourceTree</key>
			<string>&lt;group&gt;</string>
		</dict>
		<key>A38FAE6218D0A31700900C78</key>
		<dict>
			<key>isa</key>
			<string>PBXFileReference</string>
			<key>lastKnownFileType</key>
			<string>sourcecode.c.objc</string>
			<key>path</key>
			<string>PTInfoViewController.m</string>
			<key>sourceTree</key>
			<string>&lt;group&gt;</string>
		</dict>
		<key>A38FAE6318D0A31700900C78</key>
		<dict>
			<key>fileRef</key>
			<string>A38FAE6218D0A31700900C78</string>
			<key>isa</key>
			<string>PBXBuildFile</string>
		</dict>
		<key>A38FAE6418D0A31700900C78</key>
		<dict>
			<key>isa</key>
			<string>PBXFileReference</string>
			<key>lastKnownFileType</key>
			<string>image.png</string>
			<key>path</key>
			<string>second.png</string>
			<key>sourceTree</key>
			<string>&lt;group&gt;</string>
		</dict>
		<key>A38FAE6518D0A31700900C78</key>
		<dict>
			<key>fileRef</key>
			<string>A38FAE6418D0A31700900C78</string>
			<key>isa</key>
			<string>PBXBuildFile</string>
		</dict>
		<key>A38FAE6618D0A31700900C78</key>
		<dict>
			<key>isa</key>
			<string>PBXFileReference</string>
			<key>lastKnownFileType</key>
			<string>image.png</string>
			<key>path</key>
			<string>second@2x.png</string>
			<key>sourceTree</key>
			<string>&lt;group&gt;</string>
		</dict>
		<key>A38FAE6718D0A31700900C78</key>
		<dict>
			<key>fileRef</key>
			<string>A38FAE6618D0A31700900C78</string>
			<key>isa</key>
			<string>PBXBuildFile</string>
		</dict>
		<key>A38FAE6818D0A31700900C78</key>
		<dict>
			<key>buildSettings</key>
			<dict>
				<key>ALWAYS_SEARCH_USER_PATHS</key>
				<string>NO</string>
				<key>CLANG_CXX_LANGUAGE_STANDARD</key>
				<string>gnu++0x</string>
				<key>CLANG_CXX_LIBRARY</key>
				<string>libc++</string>
				<key>CLANG_ENABLE_OBJC_ARC</key>
				<string>YES</string>
				<key>CLANG_WARN_CONSTANT_CONVERSION</key>
				<string>YES</string>
				<key>CLANG_WARN_EMPTY_BODY</key>
				<string>YES</string>
				<key>CLANG_WARN_ENUM_CONVERSION</key>
				<string>YES</string>
				<key>CLANG_WARN_INT_CONVERSION</key>
				<string>YES</string>
				<key>CLANG_WARN__DUPLICATE_METHOD_MATCH</key>
				<string>YES</string>
				<key>CODE_SIGN_IDENTITY[sdk=iphoneos*]</key>
				<string>iPhone Developer</string>
				<key>COPY_PHASE_STRIP</key>
				<string>NO</string>
				<key>GCC_C_LANGUAGE_STANDARD</key>
				<string>gnu99</string>
				<key>GCC_DYNAMIC_NO_PIC</key>
				<string>NO</string>
				<key>GCC_OPTIMIZATION_LEVEL</key>
				<string>0</string>
				<key>GCC_PREPROCESSOR_DEFINITIONS</key>
				<array>
					<string>DEBUG=1</string>
					<string>$(inherited)</string>
				</array>
				<key>GCC_SYMBOLS_PRIVATE_EXTERN</key>
				<string>NO</string>
				<key>GCC_WARN_ABOUT_RETURN_TYPE</key>
				<string>YES</string>
				<key>GCC_WARN_UNINITIALIZED_AUTOS</key>
				<string>YES</string>
				<key>GCC_WARN_UNUSED_VARIABLE</key>
				<string>YES</string>
				<key>IPHONEOS_DEPLOYMENT_TARGET</key>
				<string>6.1</string>
				<key>ONLY_ACTIVE_ARCH</key>
				<string>YES</string>
				<key>SDKROOT</key>
				<string>iphoneos</string>
			</dict>
			<key>isa</key>
			<string>XCBuildConfiguration</string>
			<key>name</key>
			<string>Debug</string>
		</dict>
		<key>A38FAE6918D0A31700900C78</key>
		<dict>
			<key>buildSettings</key>
			<dict>
				<key>ALWAYS_SEARCH_USER_PATHS</key>
				<string>NO</string>
				<key>CLANG_CXX_LANGUAGE_STANDARD</key>
				<string>gnu++0x</string>
				<key>CLANG_CXX_LIBRARY</key>
				<string>libc++</string>
				<key>CLANG_ENABLE_OBJC_ARC</key>
				<string>YES</string>
				<key>CLANG_WARN_CONSTANT_CONVERSION</key>
				<string>YES</string>
				<key>CLANG_WARN_EMPTY_BODY</key>
				<string>YES</string>
				<key>CLANG_WARN_ENUM_CONVERSION</key>
				<string>YES</string>
				<key>CLANG_WARN_INT_CONVERSION</key>
				<string>YES</string>
				<key>CLANG_WARN__DUPLICATE_METHOD_MATCH</key>
				<string>YES</string>
				<key>CODE_SIGN_IDENTITY[sdk=iphoneos*]</key>
				<string>iPhone Developer</string>
				<key>COPY_PHASE_STRIP</key>
				<string>YES</string>
				<key>GCC_C_LANGUAGE_STANDARD</key>
				<string>gnu99</string>
				<key>GCC_WARN_ABOUT_RETURN_TYPE</key>
				<string>YES</string>
				<key>GCC_WARN_UNINITIALIZED_AUTOS</key>
				<string>YES</string>
				<key>GCC_WARN_UNUSED_VARIABLE</key>
				<string>YES</string>
				<key>IPHONEOS_DEPLOYMENT_TARGET</key>
				<string>6.1</string>
				<key>OTHER_CFLAGS</key>
				<string>-DNS_BLOCK_ASSERTIONS=1</string>
				<key>SDKROOT</key>
				<string>iphoneos</string>
				<key>VALIDATE_PRODUCT</key>
				<string>YES</string>
			</dict>
			<key>isa</key>
			<string>XCBuildConfiguration</string>
			<key>name</key>
			<string>Release</string>
		</dict>
		<key>A38FAE6A18D0A31700900C78</key>
		<dict>
			<key>buildConfigurations</key>
			<array>
				<string>A38FAE6B18D0A31700900C78</string>
				<string>A38FAE6C18D0A31700900C78</string>
			</array>
			<key>defaultConfigurationIsVisible</key>
			<string>0</string>
			<key>defaultConfigurationName</key>
			<string>Release</string>
			<key>isa</key>
			<string>XCConfigurationList</string>
		</dict>
		<key>A38FAE6B18D0A31700900C78</key>
		<dict>
			<key>baseConfigurationReference</key>
			<string>C4EE8A86499241DEB114D7DE</string>
			<key>buildSettings</key>
			<dict>
				<key>GCC_PRECOMPILE_PREFIX_HEADER</key>
				<string>YES</string>
				<key>GCC_PREFIX_HEADER</key>
				<string>powerby2/powerby2-Prefix.pch</string>
				<key>INFOPLIST_FILE</key>
				<string>powerby2/powerby2-Info.plist</string>
				<key>PRODUCT_NAME</key>
				<string>$(TARGET_NAME)</string>
				<key>WRAPPER_EXTENSION</key>
				<string>app</string>
			</dict>
			<key>isa</key>
			<string>XCBuildConfiguration</string>
			<key>name</key>
			<string>Debug</string>
		</dict>
		<key>A38FAE6C18D0A31700900C78</key>
		<dict>
			<key>baseConfigurationReference</key>
			<string>C4EE8A86499241DEB114D7DE</string>
			<key>buildSettings</key>
			<dict>
				<key>GCC_PRECOMPILE_PREFIX_HEADER</key>
				<string>YES</string>
				<key>GCC_PREFIX_HEADER</key>
				<string>powerby2/powerby2-Prefix.pch</string>
				<key>INFOPLIST_FILE</key>
				<string>powerby2/powerby2-Info.plist</string>
				<key>PRODUCT_NAME</key>
				<string>$(TARGET_NAME)</string>
				<key>WRAPPER_EXTENSION</key>
				<string>app</string>
			</dict>
			<key>isa</key>
			<string>XCBuildConfiguration</string>
			<key>name</key>
			<string>Release</string>
		</dict>
		<key>A3ADCB9F18D1CAE100E7BCFE</key>
		<dict>
			<key>fileEncoding</key>
			<string>4</string>
			<key>isa</key>
			<string>PBXFileReference</string>
			<key>lastKnownFileType</key>
			<string>sourcecode.c.h</string>
			<key>path</key>
			<string>PTGrid.h</string>
			<key>sourceTree</key>
			<string>&lt;group&gt;</string>
		</dict>
		<key>A3ADCBA018D1CAE100E7BCFE</key>
		<dict>
			<key>fileEncoding</key>
			<string>4</string>
			<key>isa</key>
			<string>PBXFileReference</string>
			<key>lastKnownFileType</key>
			<string>sourcecode.c.objc</string>
			<key>path</key>
			<string>PTGrid.m</string>
			<key>sourceTree</key>
			<string>&lt;group&gt;</string>
		</dict>
		<key>A3ADCBA118D1CAE100E7BCFE</key>
		<dict>
			<key>fileRef</key>
			<string>A3ADCBA018D1CAE100E7BCFE</string>
			<key>isa</key>
			<string>PBXBuildFile</string>
		</dict>
		<key>A3ADCBA218D1CAFA00E7BCFE</key>
		<dict>
			<key>children</key>
			<array>
				<string>A38FAE5D18D0A31700900C78</string>
				<string>A38FAE5F18D0A31700900C78</string>
				<string>A38FAE6418D0A31700900C78</string>
				<string>A38FAE6618D0A31700900C78</string>
			</array>
			<key>isa</key>
			<string>PBXGroup</string>
			<key>name</key>
			<string>resource</string>
			<key>sourceTree</key>
			<string>&lt;group&gt;</string>
		</dict>
		<key>A3ADCBA318D1DCFD00E7BCFE</key>
		<dict>
			<key>fileEncoding</key>
			<string>4</string>
			<key>isa</key>
			<string>PBXFileReference</string>
			<key>lastKnownFileType</key>
			<string>sourcecode.c.h</string>
			<key>path</key>
			<string>PTGridView.h</string>
			<key>sourceTree</key>
			<string>&lt;group&gt;</string>
		</dict>
		<key>A3ADCBA418D1DCFD00E7BCFE</key>
		<dict>
			<key>fileEncoding</key>
			<string>4</string>
			<key>isa</key>
			<string>PBXFileReference</string>
			<key>lastKnownFileType</key>
			<string>sourcecode.c.objc</string>
			<key>path</key>
			<string>PTGridView.m</string>
			<key>sourceTree</key>
			<string>&lt;group&gt;</string>
		</dict>
		<key>A3ADCBA518D1DCFD00E7BCFE</key>
		<dict>
			<key>fileRef</key>
			<string>A3ADCBA418D1DCFD00E7BCFE</string>
			<key>isa</key>
			<string>PBXBuildFile</string>
		</dict>
		<key>A3FE71FF191530AE001762C2</key>
		<dict>
			<key>fileEncoding</key>
			<string>4</string>
			<key>isa</key>
			<string>PBXFileReference</string>
			<key>lastKnownFileType</key>
			<string>text</string>
			<key>path</key>
			<string>Podfile</string>
			<key>sourceTree</key>
			<string>&lt;group&gt;</string>
		</dict>
		<key>A3FE7200191530AE001762C2</key>
		<dict>
			<key>fileRef</key>
			<string>A3FE71FF191530AE001762C2</string>
			<key>isa</key>
			<string>PBXBuildFile</string>
		</dict>
		<key>A3FF606F19148FDB00E010BD</key>
		<dict>
			<key>children</key>
			<array>
				<string>A38FAE6118D0A31700900C78</string>
				<string>A38FAE6218D0A31700900C78</string>
			</array>
			<key>isa</key>
			<string>PBXGroup</string>
			<key>name</key>
			<string>InfoView</string>
			<key>sourceTree</key>
			<string>&lt;group&gt;</string>
		</dict>
		<key>C4EE8A86499241DEB114D7DE</key>
		<dict>
			<key>includeInIndex</key>
			<string>1</string>
			<key>isa</key>
			<string>PBXFileReference</string>
			<key>lastKnownFileType</key>
			<string>text.xcconfig</string>
			<key>name</key>
			<string>Pods.xcconfig</string>
			<key>path</key>
			<string>Pods/Pods.xcconfig</string>
			<key>sourceTree</key>
			<string>&lt;group&gt;</string>
		</dict>
		<key>CD4AB499EC3D468AA2CAEB66</key>
		<dict>
			<key>fileRef</key>
			<string>71AC7AA2CABF4D25A6300EA8</string>
			<key>isa</key>
			<string>PBXBuildFile</string>
		</dict>
		<key>D5CD2D9BFBCE46C2A656DBC8</key>
		<dict>
			<key>buildActionMask</key>
			<string>2147483647</string>
			<key>files</key>
			<array/>
			<key>inputPaths</key>
			<array/>
			<key>isa</key>
			<string>PBXShellScriptBuildPhase</string>
			<key>name</key>
			<string>Copy Pods Resources</string>
			<key>outputPaths</key>
			<array/>
			<key>runOnlyForDeploymentPostprocessing</key>
			<string>0</string>
			<key>shellPath</key>
			<string>/bin/sh</string>
			<key>shellScript</key>
			<string>"${SRCROOT}/Pods/Pods-resources.sh"
</string>
			<key>showEnvVarsInLog</key>
			<string>0</string>
		</dict>
	</dict>
	<key>rootObject</key>
	<string>A38FAE3418D0A31700900C78</string>
</dict>
</plist>
